<Solution>
  <Folder Name="/src/">
    <Project Path="src/SyntheticPen.App/SyntheticPen.App.csproj" />
    <Project Path="src/SyntheticPen.Core/SyntheticPen.Core.csproj" />
    <Project Path="src/SyntheticPen.Hotkeys/SyntheticPen.Hotkeys.csproj" />
    <Project Path="src/SyntheticPen.Input/SyntheticPen.Input.csproj" />
    <Project Path="src/SyntheticPen.Motion/SyntheticPen.Motion.csproj" />
    <Project Path="src/SyntheticPen.Rendering/SyntheticPen.Rendering.csproj" />
    <Project Path="src/SyntheticPen.Svg/SyntheticPen.Svg.csproj" />
    <Project Path="src/SyntheticPen.Package/SyntheticPen.Package.wapproj" Type="c7167f0d-bc9f-4e6e-afe1-012c56b48db5" />
  </Folder>
  <Folder Name="/tests/">
    <Project Path="tests/SyntheticPen.Core.Tests/SyntheticPen.Core.Tests.csproj" />
    <Project Path="tests/SyntheticPen.Motion.Tests/SyntheticPen.Motion.Tests.csproj" />
    <Project Path="tests/SyntheticPen.Svg.Tests/SyntheticPen.Svg.Tests.csproj" />
  </Folder>
</Solution>
