<Solution>
  <Folder Name="/src/">
    <Project Path="src/SyntheticPen.Core/SyntheticPen.Core.csproj" />
    <Project Path="src/SyntheticPen.Input/SyntheticPen.Input.csproj" />
    <Project Path="src/SyntheticPen.Motion/SyntheticPen.Motion.csproj" />
    <Project Path="src/SyntheticPen.Rendering/SyntheticPen.Rendering.csproj" />
    <Project Path="src/SyntheticPen.Svg/SyntheticPen.Svg.csproj" />
  </Folder>
</Solution>
