<Solution>
  <Folder Name="/src/">
    <Project Path="src/SyntheticPen.App/SyntheticPen.App.csproj" />
    <Project Path="src/SyntheticPen.Core/SyntheticPen.Core.csproj" />
    <Project Path="src/SyntheticPen.Input/SyntheticPen.Input.csproj" />
    <Project Path="src/SyntheticPen.Motion/SyntheticPen.Motion.csproj" />
    <Project Path="src/SyntheticPen.Rendering/SyntheticPen.Rendering.csproj" />
    <Project Path="src/SyntheticPen.Svg/SyntheticPen.Svg.csproj" />
    <Project Path="src/SyntheticPen.Package/SyntheticPen.Package.wapproj" Type="C7167F0D-BC9F-4E6E-AFE1-012C56B48DB5" />
  </Folder>
</Solution>
